{
  "object": {
    "pins": [
      {
        "package": "Alamofire",
        "repositoryURL": "https://github.com/Alamofire/Alamofire",
        "state": {
          "branch": null,
          "revision": "fca036f7aeca07124067cb6e0c12b0ad6359e3d4",
          "version": "5.1.0"
        }
      },
      {
        "package": "URLImage",
        "repositoryURL": "https://github.com/dmytro-anokhin/url-image",
        "state": {
          "branch": null,
          "revision": "5b9bb58e45309c039b1c35f5fcf3b73dc82231ca",
          "version": "0.9.14"
        }
      }
    ]
  },
  "version": 1
}
